
Microsoft Visual Studio Solution File, Format Version 12.00
# Visual Studio 15
VisualStudioVersion = 15.0.28307.329
MinimumVisualStudioVersion = 10.0.40219.1
Project("{8BC9CEB8-8B4A-11D0-8D11-00A0C91BC942}") = "Team3NumConverter", "Team3NumConverter\Team3NumConverter.vcxproj", "{6F4D0E66-554A-44A5-A52C-CDDE7242C59C}"
EndProject
Global
	GlobalSection(SolutionConfigurationPlatforms) = preSolution
		Debug|x64 = Debug|x64
		Debug|x86 = Debug|x86
		Release|x64 = Release|x64
		Release|x86 = Release|x86
	EndGlobalSection
	GlobalSection(ProjectConfigurationPlatforms) = postSolution
		{6F4D0E66-554A-44A5-A52C-CDDE7242C59C}.Debug|x64.ActiveCfg = Debug|x64
		{6F4D0E66-554A-44A5-A52C-CDDE7242C59C}.Debug|x64.Build.0 = Debug|x64
		{6F4D0E66-554A-44A5-A52C-CDDE7242C59C}.Debug|x86.ActiveCfg = Debug|Win32
		{6F4D0E66-554A-44A5-A52C-CDDE7242C59C}.Debug|x86.Build.0 = Debug|Win32
		{6F4D0E66-554A-44A5-A52C-CDDE7242C59C}.Release|x64.ActiveCfg = Release|x64
		{6F4D0E66-554A-44A5-A52C-CDDE7242C59C}.Release|x64.Build.0 = Release|x64
		{6F4D0E66-554A-44A5-A52C-CDDE7242C59C}.Release|x86.ActiveCfg = Release|Win32
		{6F4D0E66-554A-44A5-A52C-CDDE7242C59C}.Release|x86.Build.0 = Release|Win32
	EndGlobalSection
	GlobalSection(SolutionProperties) = preSolution
		HideSolutionNode = FALSE
	EndGlobalSection
	GlobalSection(ExtensibilityGlobals) = postSolution
		SolutionGuid = {C6AF7C3C-8879-4897-8609-3FE0489046AC}
	EndGlobalSection
EndGlobal
